
Microsoft Visual Studio Solution File, Format Version 12.00
# Visual Studio Version 17
VisualStudioVersion = 17.1.31903.286
MinimumVisualStudioVersion = 10.0.40219.1
Project("{9A19103F-16F7-4668-BE54-9A1E7A4F7556}") = "lega", "lega.csproj", "{CE7144DE-B298-4DC3-8262-F5A09811BA80}"
EndProject
Project("{9A19103F-16F7-4668-BE54-9A1E7A4F7556}") = "lega.Core", "..\lega.Core\lega.Core.csproj", "{16E9D14E-FAE8-4AE6-AAAF-73B60B6662C0}"
EndProject
Global
	GlobalSection(SolutionConfigurationPlatforms) = preSolution
		Debug|Any CPU = Debug|Any CPU
		Release|Any CPU = Release|Any CPU
	EndGlobalSection
	GlobalSection(ProjectConfigurationPlatforms) = postSolution
		{CE7144DE-B298-4DC3-8262-F5A09811BA80}.Debug|Any CPU.ActiveCfg = Debug|Any CPU
		{CE7144DE-B298-4DC3-8262-F5A09811BA80}.Debug|Any CPU.Build.0 = Debug|Any CPU
		{CE7144DE-B298-4DC3-8262-F5A09811BA80}.Release|Any CPU.ActiveCfg = Release|Any CPU
		{CE7144DE-B298-4DC3-8262-F5A09811BA80}.Release|Any CPU.Build.0 = Release|Any CPU
		{16E9D14E-FAE8-4AE6-AAAF-73B60B6662C0}.Debug|Any CPU.ActiveCfg = Debug|Any CPU
		{16E9D14E-FAE8-4AE6-AAAF-73B60B6662C0}.Debug|Any CPU.Build.0 = Debug|Any CPU
		{16E9D14E-FAE8-4AE6-AAAF-73B60B6662C0}.Release|Any CPU.ActiveCfg = Release|Any CPU
		{16E9D14E-FAE8-4AE6-AAAF-73B60B6662C0}.Release|Any CPU.Build.0 = Release|Any CPU
	EndGlobalSection
	GlobalSection(SolutionProperties) = preSolution
		HideSolutionNode = FALSE
	EndGlobalSection
	GlobalSection(ExtensibilityGlobals) = postSolution
		SolutionGuid = {7B6B9E65-2048-48EE-B610-96CCCD103442}
	EndGlobalSection
EndGlobal
